
Microsoft Visual Studio Solution File, Format Version 12.00
# Visual Studio 15
VisualStudioVersion = 15.0.27004.2002
MinimumVisualStudioVersion = 10.0.40219.1
Project("{FAE04EC0-301F-11D3-BF4B-00C04F79EFBC}") = "StudentCorrection", "StudentCorrection\StudentCorrection.csproj", "{ABA619E5-63E0-4AF4-B487-596CDE222A18}"
EndProject
Project("{FAE04EC0-301F-11D3-BF4B-00C04F79EFBC}") = "Todo", "TodoItem\Todo.csproj", "{C5CA0A9F-5AEA-4644-A84C-A32CCA1468E3}"
EndProject
Project("{FAE04EC0-301F-11D3-BF4B-00C04F79EFBC}") = "TodoTests", "TodoTests\TodoTests.csproj", "{31B27A23-F5C6-4091-B5E7-6873180C1953}"
EndProject
Project("{FAE04EC0-301F-11D3-BF4B-00C04F79EFBC}") = "LinqQueries", "LinqQueries\LinqQueries.csproj", "{DC876458-E0A6-4FFF-8993-1AB55D3DAA68}"
EndProject
Project("{FAE04EC0-301F-11D3-BF4B-00C04F79EFBC}") = "Threading", "Threding\Threading.csproj", "{E7DDA5B4-7FF6-450A-BDE3-709C6D0BB026}"
EndProject
Project("{FAE04EC0-301F-11D3-BF4B-00C04F79EFBC}") = "ThreadTest", "ThreadTest\ThreadTest.csproj", "{99541FBA-7931-4BF9-BA3B-77326E1DFB71}"
EndProject
Project("{FAE04EC0-301F-11D3-BF4B-00C04F79EFBC}") = "FactorialAndHierarchy", "FactorialAndHierachy\FactorialAndHierarchy.csproj", "{7D26986D-B3E3-4CEF-965E-5F590EAB3113}"
EndProject
Global
	GlobalSection(SolutionConfigurationPlatforms) = preSolution
		Debug|Any CPU = Debug|Any CPU
		Release|Any CPU = Release|Any CPU
	EndGlobalSection
	GlobalSection(ProjectConfigurationPlatforms) = postSolution
		{ABA619E5-63E0-4AF4-B487-596CDE222A18}.Debug|Any CPU.ActiveCfg = Debug|Any CPU
		{ABA619E5-63E0-4AF4-B487-596CDE222A18}.Debug|Any CPU.Build.0 = Debug|Any CPU
		{ABA619E5-63E0-4AF4-B487-596CDE222A18}.Release|Any CPU.ActiveCfg = Release|Any CPU
		{ABA619E5-63E0-4AF4-B487-596CDE222A18}.Release|Any CPU.Build.0 = Release|Any CPU
		{C5CA0A9F-5AEA-4644-A84C-A32CCA1468E3}.Debug|Any CPU.ActiveCfg = Debug|Any CPU
		{C5CA0A9F-5AEA-4644-A84C-A32CCA1468E3}.Debug|Any CPU.Build.0 = Debug|Any CPU
		{C5CA0A9F-5AEA-4644-A84C-A32CCA1468E3}.Release|Any CPU.ActiveCfg = Release|Any CPU
		{C5CA0A9F-5AEA-4644-A84C-A32CCA1468E3}.Release|Any CPU.Build.0 = Release|Any CPU
		{31B27A23-F5C6-4091-B5E7-6873180C1953}.Debug|Any CPU.ActiveCfg = Debug|Any CPU
		{31B27A23-F5C6-4091-B5E7-6873180C1953}.Debug|Any CPU.Build.0 = Debug|Any CPU
		{31B27A23-F5C6-4091-B5E7-6873180C1953}.Release|Any CPU.ActiveCfg = Release|Any CPU
		{31B27A23-F5C6-4091-B5E7-6873180C1953}.Release|Any CPU.Build.0 = Release|Any CPU
		{DC876458-E0A6-4FFF-8993-1AB55D3DAA68}.Debug|Any CPU.ActiveCfg = Debug|Any CPU
		{DC876458-E0A6-4FFF-8993-1AB55D3DAA68}.Debug|Any CPU.Build.0 = Debug|Any CPU
		{DC876458-E0A6-4FFF-8993-1AB55D3DAA68}.Release|Any CPU.ActiveCfg = Release|Any CPU
		{DC876458-E0A6-4FFF-8993-1AB55D3DAA68}.Release|Any CPU.Build.0 = Release|Any CPU
		{E7DDA5B4-7FF6-450A-BDE3-709C6D0BB026}.Debug|Any CPU.ActiveCfg = Debug|Any CPU
		{E7DDA5B4-7FF6-450A-BDE3-709C6D0BB026}.Debug|Any CPU.Build.0 = Debug|Any CPU
		{E7DDA5B4-7FF6-450A-BDE3-709C6D0BB026}.Release|Any CPU.ActiveCfg = Release|Any CPU
		{E7DDA5B4-7FF6-450A-BDE3-709C6D0BB026}.Release|Any CPU.Build.0 = Release|Any CPU
		{99541FBA-7931-4BF9-BA3B-77326E1DFB71}.Debug|Any CPU.ActiveCfg = Debug|Any CPU
		{99541FBA-7931-4BF9-BA3B-77326E1DFB71}.Debug|Any CPU.Build.0 = Debug|Any CPU
		{99541FBA-7931-4BF9-BA3B-77326E1DFB71}.Release|Any CPU.ActiveCfg = Release|Any CPU
		{99541FBA-7931-4BF9-BA3B-77326E1DFB71}.Release|Any CPU.Build.0 = Release|Any CPU
		{7D26986D-B3E3-4CEF-965E-5F590EAB3113}.Debug|Any CPU.ActiveCfg = Debug|Any CPU
		{7D26986D-B3E3-4CEF-965E-5F590EAB3113}.Debug|Any CPU.Build.0 = Debug|Any CPU
		{7D26986D-B3E3-4CEF-965E-5F590EAB3113}.Release|Any CPU.ActiveCfg = Release|Any CPU
		{7D26986D-B3E3-4CEF-965E-5F590EAB3113}.Release|Any CPU.Build.0 = Release|Any CPU
	EndGlobalSection
	GlobalSection(SolutionProperties) = preSolution
		HideSolutionNode = FALSE
	EndGlobalSection
	GlobalSection(ExtensibilityGlobals) = postSolution
		SolutionGuid = {D1259E35-9B97-4BE0-8E5F-664B404EC19D}
	EndGlobalSection
EndGlobal
